Microsoft Visual Studio Solution File, Format Version 11.00
# Visual Studio 2008

Project("{FA1395CA-DC34-FC35-D74E-44AA84DA6E73}") = "AugCars", "Assembly-CSharp-vs.csproj", "{DDFE56DA-A412-7723-A6F2-D81C2673B2CD}"
EndProject
Project("{FA1395CA-DC34-FC35-D74E-44AA84DA6E73}") = "AugCars", "Assembly-CSharp-Editor-vs.csproj", "{46CCE660-8B35-A0C3-8047-98C2A25F6A7A}"
EndProject
Global
	GlobalSection(SolutionConfigurationPlatforms) = preSolution
		Debug|Any CPU = Debug|Any CPU
		Release|Any CPU = Release|Any CPU
	EndGlobalSection
	GlobalSection(ProjectConfigurationPlatforms) = postSolution
		{DDFE56DA-A412-7723-A6F2-D81C2673B2CD}.Debug|Any CPU.ActiveCfg = Debug|Any CPU
		{DDFE56DA-A412-7723-A6F2-D81C2673B2CD}.Debug|Any CPU.Build.0 = Debug|Any CPU
		{DDFE56DA-A412-7723-A6F2-D81C2673B2CD}.Release|Any CPU.ActiveCfg = Release|Any CPU
		{DDFE56DA-A412-7723-A6F2-D81C2673B2CD}.Release|Any CPU.Build.0 = Release|Any CPU
		{46CCE660-8B35-A0C3-8047-98C2A25F6A7A}.Debug|Any CPU.ActiveCfg = Debug|Any CPU
		{46CCE660-8B35-A0C3-8047-98C2A25F6A7A}.Debug|Any CPU.Build.0 = Debug|Any CPU
		{46CCE660-8B35-A0C3-8047-98C2A25F6A7A}.Release|Any CPU.ActiveCfg = Release|Any CPU
		{46CCE660-8B35-A0C3-8047-98C2A25F6A7A}.Release|Any CPU.Build.0 = Release|Any CPU
	EndGlobalSection
	GlobalSection(SolutionProperties) = preSolution
		HideSolutionNode = FALSE
	EndGlobalSection
														GlobalSection(MonoDevelopProperties) = preSolution
		StartupItem = Assembly-CSharp.csproj
		Policies = $0
		$0.TextStylePolicy = $1
		$1.inheritsSet = null
		$1.scope = text/x-csharp
		$0.CSharpFormattingPolicy = $2
		$2.inheritsSet = Mono
		$2.inheritsScope = text/x-csharp
		$2.scope = text/x-csharp
		$0.TextStylePolicy = $3
		$3.FileWidth = 120
		$3.TabWidth = 4
		$3.IndentWidth = 4
		$3.EolMarker = Unix
		$3.inheritsSet = Mono
		$3.inheritsScope = text/plain
		$3.scope = text/plain
	EndGlobalSection

EndGlobal
